
Microsoft Visual Studio Solution File, Format Version 12.00
# Visual Studio Version 17
VisualStudioVersion = 17.0.32014.148
MinimumVisualStudioVersion = 10.0.40219.1
Project("{FAE04EC0-301F-11D3-BF4B-00C04F79EFBC}") = "AttendanceDevice", "AttendanceDevice\AttendanceDevice.csproj", "{680BE914-E448-4CDF-AEEE-CA12B05151EA}"
EndProject
Global
	GlobalSection(SolutionConfigurationPlatforms) = preSolution
		Debug|Any CPU = Debug|Any CPU
		Release|Any CPU = Release|Any CPU
	EndGlobalSection
	GlobalSection(ProjectConfigurationPlatforms) = postSolution
		{680BE914-E448-4CDF-AEEE-CA12B05151EA}.Debug|Any CPU.ActiveCfg = Debug|Any CPU
		{680BE914-E448-4CDF-AEEE-CA12B05151EA}.Debug|Any CPU.Build.0 = Debug|Any CPU
		{680BE914-E448-4CDF-AEEE-CA12B05151EA}.Release|Any CPU.ActiveCfg = Release|Any CPU
		{680BE914-E448-4CDF-AEEE-CA12B05151EA}.Release|Any CPU.Build.0 = Release|Any CPU
	EndGlobalSection
	GlobalSection(SolutionProperties) = preSolution
		HideSolutionNode = FALSE
	EndGlobalSection
	GlobalSection(ExtensibilityGlobals) = postSolution
		SolutionGuid = {92F9304B-85CF-4C70-AB5C-F86905B781F4}
	EndGlobalSection
EndGlobal
